
Microsoft Visual Studio Solution File, Format Version 12.00
# Visual Studio 15
VisualStudioVersion = 15.0.26124.0
MinimumVisualStudioVersion = 15.0.26124.0
Project("{FAE04EC0-301F-11D3-BF4B-00C04F79EFBC}") = "Repositorio.ApplicationServices", "Repositorio.ApplicationServices\Repositorio.ApplicationServices.csproj", "{F46E9C67-58D4-49D4-AC83-3CC1F4C87750}"
EndProject
Project("{FAE04EC0-301F-11D3-BF4B-00C04F79EFBC}") = "Repositorio.Core", "Repositorio.Core\Repositorio.Core.csproj", "{A6619145-BBB4-4416-A22F-9E1D176F1D97}"
EndProject
Project("{FAE04EC0-301F-11D3-BF4B-00C04F79EFBC}") = "Repositorio.Infrastructure", "Repositorio.Infrastructure\Repositorio.Infrastructure.csproj", "{6CB11CD1-54BF-4E05-94B1-B8390F54622F}"
EndProject
Global
	GlobalSection(SolutionConfigurationPlatforms) = preSolution
		Debug|Any CPU = Debug|Any CPU
		Debug|x64 = Debug|x64
		Debug|x86 = Debug|x86
		Release|Any CPU = Release|Any CPU
		Release|x64 = Release|x64
		Release|x86 = Release|x86
	EndGlobalSection
	GlobalSection(SolutionProperties) = preSolution
		HideSolutionNode = FALSE
	EndGlobalSection
	GlobalSection(ProjectConfigurationPlatforms) = postSolution
		{F46E9C67-58D4-49D4-AC83-3CC1F4C87750}.Debug|Any CPU.ActiveCfg = Debug|Any CPU
		{F46E9C67-58D4-49D4-AC83-3CC1F4C87750}.Debug|Any CPU.Build.0 = Debug|Any CPU
		{F46E9C67-58D4-49D4-AC83-3CC1F4C87750}.Debug|x64.ActiveCfg = Debug|Any CPU
		{F46E9C67-58D4-49D4-AC83-3CC1F4C87750}.Debug|x64.Build.0 = Debug|Any CPU
		{F46E9C67-58D4-49D4-AC83-3CC1F4C87750}.Debug|x86.ActiveCfg = Debug|Any CPU
		{F46E9C67-58D4-49D4-AC83-3CC1F4C87750}.Debug|x86.Build.0 = Debug|Any CPU
		{F46E9C67-58D4-49D4-AC83-3CC1F4C87750}.Release|Any CPU.ActiveCfg = Release|Any CPU
		{F46E9C67-58D4-49D4-AC83-3CC1F4C87750}.Release|Any CPU.Build.0 = Release|Any CPU
		{F46E9C67-58D4-49D4-AC83-3CC1F4C87750}.Release|x64.ActiveCfg = Release|Any CPU
		{F46E9C67-58D4-49D4-AC83-3CC1F4C87750}.Release|x64.Build.0 = Release|Any CPU
		{F46E9C67-58D4-49D4-AC83-3CC1F4C87750}.Release|x86.ActiveCfg = Release|Any CPU
		{F46E9C67-58D4-49D4-AC83-3CC1F4C87750}.Release|x86.Build.0 = Release|Any CPU
		{A6619145-BBB4-4416-A22F-9E1D176F1D97}.Debug|Any CPU.ActiveCfg = Debug|Any CPU
		{A6619145-BBB4-4416-A22F-9E1D176F1D97}.Debug|Any CPU.Build.0 = Debug|Any CPU
		{A6619145-BBB4-4416-A22F-9E1D176F1D97}.Debug|x64.ActiveCfg = Debug|Any CPU
		{A6619145-BBB4-4416-A22F-9E1D176F1D97}.Debug|x64.Build.0 = Debug|Any CPU
		{A6619145-BBB4-4416-A22F-9E1D176F1D97}.Debug|x86.ActiveCfg = Debug|Any CPU
		{A6619145-BBB4-4416-A22F-9E1D176F1D97}.Debug|x86.Build.0 = Debug|Any CPU
		{A6619145-BBB4-4416-A22F-9E1D176F1D97}.Release|Any CPU.ActiveCfg = Release|Any CPU
		{A6619145-BBB4-4416-A22F-9E1D176F1D97}.Release|Any CPU.Build.0 = Release|Any CPU
		{A6619145-BBB4-4416-A22F-9E1D176F1D97}.Release|x64.ActiveCfg = Release|Any CPU
		{A6619145-BBB4-4416-A22F-9E1D176F1D97}.Release|x64.Build.0 = Release|Any CPU
		{A6619145-BBB4-4416-A22F-9E1D176F1D97}.Release|x86.ActiveCfg = Release|Any CPU
		{A6619145-BBB4-4416-A22F-9E1D176F1D97}.Release|x86.Build.0 = Release|Any CPU
		{6CB11CD1-54BF-4E05-94B1-B8390F54622F}.Debug|Any CPU.ActiveCfg = Debug|Any CPU
		{6CB11CD1-54BF-4E05-94B1-B8390F54622F}.Debug|Any CPU.Build.0 = Debug|Any CPU
		{6CB11CD1-54BF-4E05-94B1-B8390F54622F}.Debug|x64.ActiveCfg = Debug|Any CPU
		{6CB11CD1-54BF-4E05-94B1-B8390F54622F}.Debug|x64.Build.0 = Debug|Any CPU
		{6CB11CD1-54BF-4E05-94B1-B8390F54622F}.Debug|x86.ActiveCfg = Debug|Any CPU
		{6CB11CD1-54BF-4E05-94B1-B8390F54622F}.Debug|x86.Build.0 = Debug|Any CPU
		{6CB11CD1-54BF-4E05-94B1-B8390F54622F}.Release|Any CPU.ActiveCfg = Release|Any CPU
		{6CB11CD1-54BF-4E05-94B1-B8390F54622F}.Release|Any CPU.Build.0 = Release|Any CPU
		{6CB11CD1-54BF-4E05-94B1-B8390F54622F}.Release|x64.ActiveCfg = Release|Any CPU
		{6CB11CD1-54BF-4E05-94B1-B8390F54622F}.Release|x64.Build.0 = Release|Any CPU
		{6CB11CD1-54BF-4E05-94B1-B8390F54622F}.Release|x86.ActiveCfg = Release|Any CPU
		{6CB11CD1-54BF-4E05-94B1-B8390F54622F}.Release|x86.Build.0 = Release|Any CPU
	EndGlobalSection
EndGlobal
