
Microsoft Visual Studio Solution File, Format Version 12.00
# Visual Studio Version 17
VisualStudioVersion = 17.3.32804.467
MinimumVisualStudioVersion = 15.0.26124.0
Project("{FAE04EC0-301F-11D3-BF4B-00C04F79EFBC}") = "Repositorio", "Repositorio\Repositorio.csproj", "{37C28F10-4C02-47E4-9E48-261E35FB6D94}"
EndProject
Project("{2150E333-8FDC-42A3-9474-1A3956D46DE8}") = "Solution Items", "Solution Items", "{4A878011-1E95-4EBC-B974-277C88306992}"
	ProjectSection(SolutionItems) = preProject
		.editorconfig = .editorconfig
	EndProjectSection
EndProject
Project("{FAE04EC0-301F-11D3-BF4B-00C04F79EFBC}") = "Repositorio.Tests", "Repositorio.Tests\Repositorio.Tests.csproj", "{25383915-CED7-47F6-854A-88629DBBD97D}"
EndProject
Global
	GlobalSection(SolutionConfigurationPlatforms) = preSolution
		Debug|Any CPU = Debug|Any CPU
		Debug|x64 = Debug|x64
		Debug|x86 = Debug|x86
		Release|Any CPU = Release|Any CPU
		Release|x64 = Release|x64
		Release|x86 = Release|x86
	EndGlobalSection
	GlobalSection(ProjectConfigurationPlatforms) = postSolution
		{37C28F10-4C02-47E4-9E48-261E35FB6D94}.Debug|Any CPU.ActiveCfg = Debug|Any CPU
		{37C28F10-4C02-47E4-9E48-261E35FB6D94}.Debug|Any CPU.Build.0 = Debug|Any CPU
		{37C28F10-4C02-47E4-9E48-261E35FB6D94}.Debug|x64.ActiveCfg = Debug|Any CPU
		{37C28F10-4C02-47E4-9E48-261E35FB6D94}.Debug|x64.Build.0 = Debug|Any CPU
		{37C28F10-4C02-47E4-9E48-261E35FB6D94}.Debug|x86.ActiveCfg = Debug|Any CPU
		{37C28F10-4C02-47E4-9E48-261E35FB6D94}.Debug|x86.Build.0 = Debug|Any CPU
		{37C28F10-4C02-47E4-9E48-261E35FB6D94}.Release|Any CPU.ActiveCfg = Release|Any CPU
		{37C28F10-4C02-47E4-9E48-261E35FB6D94}.Release|Any CPU.Build.0 = Release|Any CPU
		{37C28F10-4C02-47E4-9E48-261E35FB6D94}.Release|x64.ActiveCfg = Release|Any CPU
		{37C28F10-4C02-47E4-9E48-261E35FB6D94}.Release|x64.Build.0 = Release|Any CPU
		{37C28F10-4C02-47E4-9E48-261E35FB6D94}.Release|x86.ActiveCfg = Release|Any CPU
		{37C28F10-4C02-47E4-9E48-261E35FB6D94}.Release|x86.Build.0 = Release|Any CPU
		{25383915-CED7-47F6-854A-88629DBBD97D}.Debug|Any CPU.ActiveCfg = Debug|Any CPU
		{25383915-CED7-47F6-854A-88629DBBD97D}.Debug|Any CPU.Build.0 = Debug|Any CPU
		{25383915-CED7-47F6-854A-88629DBBD97D}.Debug|x64.ActiveCfg = Debug|Any CPU
		{25383915-CED7-47F6-854A-88629DBBD97D}.Debug|x64.Build.0 = Debug|Any CPU
		{25383915-CED7-47F6-854A-88629DBBD97D}.Debug|x86.ActiveCfg = Debug|Any CPU
		{25383915-CED7-47F6-854A-88629DBBD97D}.Debug|x86.Build.0 = Debug|Any CPU
		{25383915-CED7-47F6-854A-88629DBBD97D}.Release|Any CPU.ActiveCfg = Release|Any CPU
		{25383915-CED7-47F6-854A-88629DBBD97D}.Release|Any CPU.Build.0 = Release|Any CPU
		{25383915-CED7-47F6-854A-88629DBBD97D}.Release|x64.ActiveCfg = Release|Any CPU
		{25383915-CED7-47F6-854A-88629DBBD97D}.Release|x64.Build.0 = Release|Any CPU
		{25383915-CED7-47F6-854A-88629DBBD97D}.Release|x86.ActiveCfg = Release|Any CPU
		{25383915-CED7-47F6-854A-88629DBBD97D}.Release|x86.Build.0 = Release|Any CPU
	EndGlobalSection
	GlobalSection(SolutionProperties) = preSolution
		HideSolutionNode = FALSE
	EndGlobalSection
	GlobalSection(ExtensibilityGlobals) = postSolution
		SolutionGuid = {2695DCA7-A185-43FC-9336-A1A90354E62C}
	EndGlobalSection
EndGlobal
